
Microsoft Visual Studio Solution File, Format Version 12.00
# Visual Studio Version 17
VisualStudioVersion = 17.0.31912.275
MinimumVisualStudioVersion = 10.0.40219.1
Project("{FAE04EC0-301F-11D3-BF4B-00C04F79EFBC}") = "MiniSignalServer", "MiniSignalServer\MiniSignalServer.csproj", "{32489BC9-1BE9-478C-A688-24301AD5B663}"
EndProject
Global
	GlobalSection(SolutionConfigurationPlatforms) = preSolution
		Debug|Any CPU = Debug|Any CPU
		Release|Any CPU = Release|Any CPU
	EndGlobalSection
	GlobalSection(ProjectConfigurationPlatforms) = postSolution
		{32489BC9-1BE9-478C-A688-24301AD5B663}.Debug|Any CPU.ActiveCfg = Debug|Any CPU
		{32489BC9-1BE9-478C-A688-24301AD5B663}.Debug|Any CPU.Build.0 = Debug|Any CPU
		{32489BC9-1BE9-478C-A688-24301AD5B663}.Release|Any CPU.ActiveCfg = Release|Any CPU
		{32489BC9-1BE9-478C-A688-24301AD5B663}.Release|Any CPU.Build.0 = Release|Any CPU
	EndGlobalSection
	GlobalSection(SolutionProperties) = preSolution
		HideSolutionNode = FALSE
	EndGlobalSection
	GlobalSection(ExtensibilityGlobals) = postSolution
		SolutionGuid = {7F95036C-7A4B-4C0C-AF31-113062BB210E}
	EndGlobalSection
EndGlobal
